
Microsoft Visual Studio Solution File, Format Version 12.00
# Visual Studio Version 17
VisualStudioVersion = 17.8.34309.116
MinimumVisualStudioVersion = 10.0.40219.1
Project("{FAE04EC0-301F-11D3-BF4B-00C04F79EFBC}") = "TpN2", "TpN2\TpN2.csproj", "{1C1F61C6-C0DC-4A70-BC1B-E492B1216D28}"
EndProject
Global
	GlobalSection(SolutionConfigurationPlatforms) = preSolution
		Debug|Any CPU = Debug|Any CPU
		Release|Any CPU = Release|Any CPU
	EndGlobalSection
	GlobalSection(ProjectConfigurationPlatforms) = postSolution
		{1C1F61C6-C0DC-4A70-BC1B-E492B1216D28}.Debug|Any CPU.ActiveCfg = Debug|Any CPU
		{1C1F61C6-C0DC-4A70-BC1B-E492B1216D28}.Debug|Any CPU.Build.0 = Debug|Any CPU
		{1C1F61C6-C0DC-4A70-BC1B-E492B1216D28}.Release|Any CPU.ActiveCfg = Release|Any CPU
		{1C1F61C6-C0DC-4A70-BC1B-E492B1216D28}.Release|Any CPU.Build.0 = Release|Any CPU
	EndGlobalSection
	GlobalSection(SolutionProperties) = preSolution
		HideSolutionNode = FALSE
	EndGlobalSection
	GlobalSection(ExtensibilityGlobals) = postSolution
		SolutionGuid = {10D3032D-7BF2-4D72-A62D-BEB522DEF867}
	EndGlobalSection
EndGlobal
